
Microsoft Visual Studio Solution File, Format Version 12.00
# Visual Studio Version 17
VisualStudioVersion = 17.14.36327.8 d17.14
MinimumVisualStudioVersion = 10.0.40219.1
Project("{FAE04EC0-301F-11D3-BF4B-00C04F79EFBC}") = "GADE6122 POE PART 1 NEW", "GADE6122 POE PART 1 NEW\GADE6122 POE PART 1 NEW.csproj", "{63093216-382D-4D63-9B40-0BB8FC10F55E}"
EndProject
Global
	GlobalSection(SolutionConfigurationPlatforms) = preSolution
		Debug|Any CPU = Debug|Any CPU
		Release|Any CPU = Release|Any CPU
	EndGlobalSection
	GlobalSection(ProjectConfigurationPlatforms) = postSolution
		{63093216-382D-4D63-9B40-0BB8FC10F55E}.Debug|Any CPU.ActiveCfg = Debug|Any CPU
		{63093216-382D-4D63-9B40-0BB8FC10F55E}.Debug|Any CPU.Build.0 = Debug|Any CPU
		{63093216-382D-4D63-9B40-0BB8FC10F55E}.Release|Any CPU.ActiveCfg = Release|Any CPU
		{63093216-382D-4D63-9B40-0BB8FC10F55E}.Release|Any CPU.Build.0 = Release|Any CPU
	EndGlobalSection
	GlobalSection(SolutionProperties) = preSolution
		HideSolutionNode = FALSE
	EndGlobalSection
	GlobalSection(ExtensibilityGlobals) = postSolution
		SolutionGuid = {5EBDA681-761A-4761-8E89-E05E4FA071E8}
	EndGlobalSection
EndGlobal
