
Microsoft Visual Studio Solution File, Format Version 12.00
# Visual Studio Version 17
VisualStudioVersion = 17.14.36327.8 d17.14
MinimumVisualStudioVersion = 10.0.40219.1
Project("{FAE04EC0-301F-11D3-BF4B-00C04F79EFBC}") = "GADS6122 POE PART 1", "GADS6122 POE PART 1\GADS6122 POE PART 1.csproj", "{9C0F1B8D-7925-46A0-9AD5-25DA681CEB4F}"
EndProject
Global
	GlobalSection(SolutionConfigurationPlatforms) = preSolution
		Debug|Any CPU = Debug|Any CPU
		Release|Any CPU = Release|Any CPU
	EndGlobalSection
	GlobalSection(ProjectConfigurationPlatforms) = postSolution
		{9C0F1B8D-7925-46A0-9AD5-25DA681CEB4F}.Debug|Any CPU.ActiveCfg = Debug|Any CPU
		{9C0F1B8D-7925-46A0-9AD5-25DA681CEB4F}.Debug|Any CPU.Build.0 = Debug|Any CPU
		{9C0F1B8D-7925-46A0-9AD5-25DA681CEB4F}.Release|Any CPU.ActiveCfg = Release|Any CPU
		{9C0F1B8D-7925-46A0-9AD5-25DA681CEB4F}.Release|Any CPU.Build.0 = Release|Any CPU
	EndGlobalSection
	GlobalSection(SolutionProperties) = preSolution
		HideSolutionNode = FALSE
	EndGlobalSection
	GlobalSection(ExtensibilityGlobals) = postSolution
		SolutionGuid = {21616F03-4CEF-4AC6-8588-B594B2E07EED}
	EndGlobalSection
EndGlobal
